
Microsoft Visual Studio Solution File, Format Version 12.00
# Visual Studio 15
VisualStudioVersion = 15.0.27924.0
MinimumVisualStudioVersion = 10.0.40219.1
Project("{FAE04EC0-301F-11D3-BF4B-00C04F79EFBC}") = "UniversalCOMparser", "UniversalCOMparser\UniversalCOMparser.csproj", "{05A69B26-08B6-45D4-87EB-B173EAB57F66}"
EndProject
Global
	GlobalSection(SolutionConfigurationPlatforms) = preSolution
		Debug|Any CPU = Debug|Any CPU
		Release|Any CPU = Release|Any CPU
	EndGlobalSection
	GlobalSection(ProjectConfigurationPlatforms) = postSolution
		{05A69B26-08B6-45D4-87EB-B173EAB57F66}.Debug|Any CPU.ActiveCfg = Debug|Any CPU
		{05A69B26-08B6-45D4-87EB-B173EAB57F66}.Debug|Any CPU.Build.0 = Debug|Any CPU
		{05A69B26-08B6-45D4-87EB-B173EAB57F66}.Release|Any CPU.ActiveCfg = Release|Any CPU
		{05A69B26-08B6-45D4-87EB-B173EAB57F66}.Release|Any CPU.Build.0 = Release|Any CPU
	EndGlobalSection
	GlobalSection(SolutionProperties) = preSolution
		HideSolutionNode = FALSE
	EndGlobalSection
	GlobalSection(ExtensibilityGlobals) = postSolution
		SolutionGuid = {8E0590FD-F076-4485-B2CE-CC4BABC0AF64}
	EndGlobalSection
EndGlobal
